
Microsoft Visual Studio Solution File, Format Version 12.00
# Visual Studio 15
VisualStudioVersion = 15.0.27428.2015
MinimumVisualStudioVersion = 10.0.40219.1
Project("{FAE04EC0-301F-11D3-BF4B-00C04F79EFBC}") = "FileSystemViewer", "FileSystemViewer\FileSystemViewer.csproj", "{22B1EB07-3AFB-4F67-AA84-7E62EF6610BD}"
EndProject
Global
	GlobalSection(SolutionConfigurationPlatforms) = preSolution
		Debug|Any CPU = Debug|Any CPU
		Release|Any CPU = Release|Any CPU
	EndGlobalSection
	GlobalSection(ProjectConfigurationPlatforms) = postSolution
		{22B1EB07-3AFB-4F67-AA84-7E62EF6610BD}.Debug|Any CPU.ActiveCfg = Debug|Any CPU
		{22B1EB07-3AFB-4F67-AA84-7E62EF6610BD}.Debug|Any CPU.Build.0 = Debug|Any CPU
		{22B1EB07-3AFB-4F67-AA84-7E62EF6610BD}.Release|Any CPU.ActiveCfg = Release|Any CPU
		{22B1EB07-3AFB-4F67-AA84-7E62EF6610BD}.Release|Any CPU.Build.0 = Release|Any CPU
	EndGlobalSection
	GlobalSection(SolutionProperties) = preSolution
		HideSolutionNode = FALSE
	EndGlobalSection
	GlobalSection(ExtensibilityGlobals) = postSolution
		SolutionGuid = {CD562532-3BA0-40CC-84A5-EDBBCE5277FA}
	EndGlobalSection
EndGlobal
